
Microsoft Visual Studio Solution File, Format Version 12.00
# Visual Studio Version 16
VisualStudioVersion = 16.0.30503.244
MinimumVisualStudioVersion = 10.0.40219.1
Project("{FAE04EC0-301F-11D3-BF4B-00C04F79EFBC}") = "SalesWebMvc", "SalesWebMvc\SalesWebMvc.csproj", "{D815BA2C-9044-4A66-BE98-1BBDD5B3C2AD}"
EndProject
Global
	GlobalSection(SolutionConfigurationPlatforms) = preSolution
		Debug|Any CPU = Debug|Any CPU
		Release|Any CPU = Release|Any CPU
	EndGlobalSection
	GlobalSection(ProjectConfigurationPlatforms) = postSolution
		{D815BA2C-9044-4A66-BE98-1BBDD5B3C2AD}.Debug|Any CPU.ActiveCfg = Debug|Any CPU
		{D815BA2C-9044-4A66-BE98-1BBDD5B3C2AD}.Debug|Any CPU.Build.0 = Debug|Any CPU
		{D815BA2C-9044-4A66-BE98-1BBDD5B3C2AD}.Release|Any CPU.ActiveCfg = Release|Any CPU
		{D815BA2C-9044-4A66-BE98-1BBDD5B3C2AD}.Release|Any CPU.Build.0 = Release|Any CPU
	EndGlobalSection
	GlobalSection(SolutionProperties) = preSolution
		HideSolutionNode = FALSE
	EndGlobalSection
	GlobalSection(ExtensibilityGlobals) = postSolution
		SolutionGuid = {30A6EE0A-B723-4EE1-A144-ED906292948F}
	EndGlobalSection
EndGlobal
